
Microsoft Visual Studio Solution File, Format Version 12.00
# Visual Studio Version 17
VisualStudioVersion = 17.9.34723.18
MinimumVisualStudioVersion = 10.0.40219.1
Project("{8BC9CEB8-8B4A-11D0-8D11-00A0C91BC942}") = "문제1-(1)", "문제1\문제1.vcxproj", "{84293CDC-28FB-4D4F-9A59-EDEBAC45798D}"
EndProject
Project("{8BC9CEB8-8B4A-11D0-8D11-00A0C91BC942}") = "문제1-(2)", "문제1-(2)\문제1-(2).vcxproj", "{EA9FF6F6-6777-49D0-B227-13E0F8526F7C}"
EndProject
Project("{8BC9CEB8-8B4A-11D0-8D11-00A0C91BC942}") = "문제3", "문제3\문제3.vcxproj", "{6B76F7CB-92B8-42F8-90DC-C0B71875BC44}"
EndProject
Project("{8BC9CEB8-8B4A-11D0-8D11-00A0C91BC942}") = "문제5-(1)", "문제5\문제5.vcxproj", "{1E3E5805-6903-4C5C-AE4F-4CBD5A4A4212}"
EndProject
Project("{8BC9CEB8-8B4A-11D0-8D11-00A0C91BC942}") = "문제5-(2)", "문제5-(2)\문제5-(2).vcxproj", "{89CF225F-5765-4004-B691-BCBAE003ADFF}"
EndProject
Project("{8BC9CEB8-8B4A-11D0-8D11-00A0C91BC942}") = "문제7-(1)", "문제7\문제7.vcxproj", "{391C6EC3-6969-48C8-9CC8-CBCD5003E339}"
EndProject
Project("{8BC9CEB8-8B4A-11D0-8D11-00A0C91BC942}") = "문제7-(2)", "7번-(2)\7번-(2).vcxproj", "{7834CC27-A625-4122-BA9F-8B3A2FBF8831}"
EndProject
Project("{8BC9CEB8-8B4A-11D0-8D11-00A0C91BC942}") = "문제9", "문제9\문제9.vcxproj", "{DAB9FE60-0657-4E38-8BC0-4F4AE2F7D7E8}"
EndProject
Project("{8BC9CEB8-8B4A-11D0-8D11-00A0C91BC942}") = "문제11", "문제11\문제11.vcxproj", "{9EF1534C-8774-43AA-932C-BAB649733B93}"
EndProject
Global
	GlobalSection(SolutionConfigurationPlatforms) = preSolution
		Debug|x64 = Debug|x64
		Debug|x86 = Debug|x86
		Release|x64 = Release|x64
		Release|x86 = Release|x86
	EndGlobalSection
	GlobalSection(ProjectConfigurationPlatforms) = postSolution
		{84293CDC-28FB-4D4F-9A59-EDEBAC45798D}.Debug|x64.ActiveCfg = Debug|x64
		{84293CDC-28FB-4D4F-9A59-EDEBAC45798D}.Debug|x64.Build.0 = Debug|x64
		{84293CDC-28FB-4D4F-9A59-EDEBAC45798D}.Debug|x86.ActiveCfg = Debug|Win32
		{84293CDC-28FB-4D4F-9A59-EDEBAC45798D}.Debug|x86.Build.0 = Debug|Win32
		{84293CDC-28FB-4D4F-9A59-EDEBAC45798D}.Release|x64.ActiveCfg = Release|x64
		{84293CDC-28FB-4D4F-9A59-EDEBAC45798D}.Release|x64.Build.0 = Release|x64
		{84293CDC-28FB-4D4F-9A59-EDEBAC45798D}.Release|x86.ActiveCfg = Release|Win32
		{84293CDC-28FB-4D4F-9A59-EDEBAC45798D}.Release|x86.Build.0 = Release|Win32
		{EA9FF6F6-6777-49D0-B227-13E0F8526F7C}.Debug|x64.ActiveCfg = Debug|x64
		{EA9FF6F6-6777-49D0-B227-13E0F8526F7C}.Debug|x64.Build.0 = Debug|x64
		{EA9FF6F6-6777-49D0-B227-13E0F8526F7C}.Debug|x86.ActiveCfg = Debug|Win32
		{EA9FF6F6-6777-49D0-B227-13E0F8526F7C}.Debug|x86.Build.0 = Debug|Win32
		{EA9FF6F6-6777-49D0-B227-13E0F8526F7C}.Release|x64.ActiveCfg = Release|x64
		{EA9FF6F6-6777-49D0-B227-13E0F8526F7C}.Release|x64.Build.0 = Release|x64
		{EA9FF6F6-6777-49D0-B227-13E0F8526F7C}.Release|x86.ActiveCfg = Release|Win32
		{EA9FF6F6-6777-49D0-B227-13E0F8526F7C}.Release|x86.Build.0 = Release|Win32
		{6B76F7CB-92B8-42F8-90DC-C0B71875BC44}.Debug|x64.ActiveCfg = Debug|x64
		{6B76F7CB-92B8-42F8-90DC-C0B71875BC44}.Debug|x64.Build.0 = Debug|x64
		{6B76F7CB-92B8-42F8-90DC-C0B71875BC44}.Debug|x86.ActiveCfg = Debug|Win32
		{6B76F7CB-92B8-42F8-90DC-C0B71875BC44}.Debug|x86.Build.0 = Debug|Win32
		{6B76F7CB-92B8-42F8-90DC-C0B71875BC44}.Release|x64.ActiveCfg = Release|x64
		{6B76F7CB-92B8-42F8-90DC-C0B71875BC44}.Release|x64.Build.0 = Release|x64
		{6B76F7CB-92B8-42F8-90DC-C0B71875BC44}.Release|x86.ActiveCfg = Release|Win32
		{6B76F7CB-92B8-42F8-90DC-C0B71875BC44}.Release|x86.Build.0 = Release|Win32
		{1E3E5805-6903-4C5C-AE4F-4CBD5A4A4212}.Debug|x64.ActiveCfg = Debug|x64
		{1E3E5805-6903-4C5C-AE4F-4CBD5A4A4212}.Debug|x64.Build.0 = Debug|x64
		{1E3E5805-6903-4C5C-AE4F-4CBD5A4A4212}.Debug|x86.ActiveCfg = Debug|Win32
		{1E3E5805-6903-4C5C-AE4F-4CBD5A4A4212}.Debug|x86.Build.0 = Debug|Win32
		{1E3E5805-6903-4C5C-AE4F-4CBD5A4A4212}.Release|x64.ActiveCfg = Release|x64
		{1E3E5805-6903-4C5C-AE4F-4CBD5A4A4212}.Release|x64.Build.0 = Release|x64
		{1E3E5805-6903-4C5C-AE4F-4CBD5A4A4212}.Release|x86.ActiveCfg = Release|Win32
		{1E3E5805-6903-4C5C-AE4F-4CBD5A4A4212}.Release|x86.Build.0 = Release|Win32
		{89CF225F-5765-4004-B691-BCBAE003ADFF}.Debug|x64.ActiveCfg = Debug|x64
		{89CF225F-5765-4004-B691-BCBAE003ADFF}.Debug|x64.Build.0 = Debug|x64
		{89CF225F-5765-4004-B691-BCBAE003ADFF}.Debug|x86.ActiveCfg = Debug|Win32
		{89CF225F-5765-4004-B691-BCBAE003ADFF}.Debug|x86.Build.0 = Debug|Win32
		{89CF225F-5765-4004-B691-BCBAE003ADFF}.Release|x64.ActiveCfg = Release|x64
		{89CF225F-5765-4004-B691-BCBAE003ADFF}.Release|x64.Build.0 = Release|x64
		{89CF225F-5765-4004-B691-BCBAE003ADFF}.Release|x86.ActiveCfg = Release|Win32
		{89CF225F-5765-4004-B691-BCBAE003ADFF}.Release|x86.Build.0 = Release|Win32
		{391C6EC3-6969-48C8-9CC8-CBCD5003E339}.Debug|x64.ActiveCfg = Debug|x64
		{391C6EC3-6969-48C8-9CC8-CBCD5003E339}.Debug|x64.Build.0 = Debug|x64
		{391C6EC3-6969-48C8-9CC8-CBCD5003E339}.Debug|x86.ActiveCfg = Debug|Win32
		{391C6EC3-6969-48C8-9CC8-CBCD5003E339}.Debug|x86.Build.0 = Debug|Win32
		{391C6EC3-6969-48C8-9CC8-CBCD5003E339}.Release|x64.ActiveCfg = Release|x64
		{391C6EC3-6969-48C8-9CC8-CBCD5003E339}.Release|x64.Build.0 = Release|x64
		{391C6EC3-6969-48C8-9CC8-CBCD5003E339}.Release|x86.ActiveCfg = Release|Win32
		{391C6EC3-6969-48C8-9CC8-CBCD5003E339}.Release|x86.Build.0 = Release|Win32
		{7834CC27-A625-4122-BA9F-8B3A2FBF8831}.Debug|x64.ActiveCfg = Debug|x64
		{7834CC27-A625-4122-BA9F-8B3A2FBF8831}.Debug|x64.Build.0 = Debug|x64
		{7834CC27-A625-4122-BA9F-8B3A2FBF8831}.Debug|x86.ActiveCfg = Debug|Win32
		{7834CC27-A625-4122-BA9F-8B3A2FBF8831}.Debug|x86.Build.0 = Debug|Win32
		{7834CC27-A625-4122-BA9F-8B3A2FBF8831}.Release|x64.ActiveCfg = Release|x64
		{7834CC27-A625-4122-BA9F-8B3A2FBF8831}.Release|x64.Build.0 = Release|x64
		{7834CC27-A625-4122-BA9F-8B3A2FBF8831}.Release|x86.ActiveCfg = Release|Win32
		{7834CC27-A625-4122-BA9F-8B3A2FBF8831}.Release|x86.Build.0 = Release|Win32
		{DAB9FE60-0657-4E38-8BC0-4F4AE2F7D7E8}.Debug|x64.ActiveCfg = Debug|x64
		{DAB9FE60-0657-4E38-8BC0-4F4AE2F7D7E8}.Debug|x64.Build.0 = Debug|x64
		{DAB9FE60-0657-4E38-8BC0-4F4AE2F7D7E8}.Debug|x86.ActiveCfg = Debug|Win32
		{DAB9FE60-0657-4E38-8BC0-4F4AE2F7D7E8}.Debug|x86.Build.0 = Debug|Win32
		{DAB9FE60-0657-4E38-8BC0-4F4AE2F7D7E8}.Release|x64.ActiveCfg = Release|x64
		{DAB9FE60-0657-4E38-8BC0-4F4AE2F7D7E8}.Release|x64.Build.0 = Release|x64
		{DAB9FE60-0657-4E38-8BC0-4F4AE2F7D7E8}.Release|x86.ActiveCfg = Release|Win32
		{DAB9FE60-0657-4E38-8BC0-4F4AE2F7D7E8}.Release|x86.Build.0 = Release|Win32
		{9EF1534C-8774-43AA-932C-BAB649733B93}.Debug|x64.ActiveCfg = Debug|x64
		{9EF1534C-8774-43AA-932C-BAB649733B93}.Debug|x64.Build.0 = Debug|x64
		{9EF1534C-8774-43AA-932C-BAB649733B93}.Debug|x86.ActiveCfg = Debug|Win32
		{9EF1534C-8774-43AA-932C-BAB649733B93}.Debug|x86.Build.0 = Debug|Win32
		{9EF1534C-8774-43AA-932C-BAB649733B93}.Release|x64.ActiveCfg = Release|x64
		{9EF1534C-8774-43AA-932C-BAB649733B93}.Release|x64.Build.0 = Release|x64
		{9EF1534C-8774-43AA-932C-BAB649733B93}.Release|x86.ActiveCfg = Release|Win32
		{9EF1534C-8774-43AA-932C-BAB649733B93}.Release|x86.Build.0 = Release|Win32
	EndGlobalSection
	GlobalSection(SolutionProperties) = preSolution
		HideSolutionNode = FALSE
	EndGlobalSection
	GlobalSection(ExtensibilityGlobals) = postSolution
		SolutionGuid = {E6247C24-362F-401D-B9CF-5A6E2C75FBF7}
	EndGlobalSection
EndGlobal
