
Microsoft Visual Studio Solution File, Format Version 12.00
# Visual Studio Version 17
VisualStudioVersion = 17.2.32630.192
MinimumVisualStudioVersion = 10.0.40219.1
Project("{8BC9CEB8-8B4A-11D0-8D11-00A0C91BC942}") = "4-1", "4-1\4-1.vcxproj", "{39014C7A-17AF-4827-8D9A-7EE77EDD510B}"
EndProject
Project("{8BC9CEB8-8B4A-11D0-8D11-00A0C91BC942}") = "4-2", "4-2\4-2.vcxproj", "{159A03F5-7818-41E6-A860-92C4918D4772}"
EndProject
Project("{8BC9CEB8-8B4A-11D0-8D11-00A0C91BC942}") = "4-3-1", "4-3\4-3.vcxproj", "{F6465CED-B40A-475D-83C3-E33A66028B8F}"
EndProject
Project("{8BC9CEB8-8B4A-11D0-8D11-00A0C91BC942}") = "4-4", "4-4\4-4.vcxproj", "{4FE8BA90-A67D-45F4-B304-DFA98F84F5A0}"
EndProject
Project("{8BC9CEB8-8B4A-11D0-8D11-00A0C91BC942}") = "4-5", "4-5\4-5.vcxproj", "{99833E24-607B-4207-BC3E-054E661CAFC7}"
EndProject
Project("{8BC9CEB8-8B4A-11D0-8D11-00A0C91BC942}") = "4-3-2", "4-3-2\4-3-2.vcxproj", "{0B454807-3324-4510-B70E-AEB955C6F1B8}"
EndProject
Project("{8BC9CEB8-8B4A-11D0-8D11-00A0C91BC942}") = "4-6", "4-6\4-6.vcxproj", "{CFA5FE8A-F773-4A68-B3AB-0DCF108619E0}"
EndProject
Project("{8BC9CEB8-8B4A-11D0-8D11-00A0C91BC942}") = "4-7", "4-7\4-7.vcxproj", "{AA18C423-B060-4B5D-BD02-CE0316B7D2A3}"
EndProject
Project("{8BC9CEB8-8B4A-11D0-8D11-00A0C91BC942}") = "4-8", "4-8\4-8.vcxproj", "{08472719-510A-427A-847E-739A1173A301}"
EndProject
Project("{8BC9CEB8-8B4A-11D0-8D11-00A0C91BC942}") = "4-9", "4-9\4-9.vcxproj", "{04A38912-8765-4265-84FE-9B58188E799F}"
EndProject
Project("{8BC9CEB8-8B4A-11D0-8D11-00A0C91BC942}") = "4-10", "4-10\4-10.vcxproj", "{6ED321A1-F944-4889-B82B-F092B2F60771}"
EndProject
Project("{8BC9CEB8-8B4A-11D0-8D11-00A0C91BC942}") = "4-11", "4-11\4-11.vcxproj", "{39BB580E-AFEE-4D01-8773-5BA5FB1CA009}"
EndProject
Project("{8BC9CEB8-8B4A-11D0-8D11-00A0C91BC942}") = "4-12", "4-12\4-12.vcxproj", "{1FF88B9E-6EA7-4641-97CA-1FE4F94A0DDE}"
EndProject
Project("{8BC9CEB8-8B4A-11D0-8D11-00A0C91BC942}") = "4-13", "4-13\4-13.vcxproj", "{BECFFEB2-5125-4EE0-9589-A0742AB94C2F}"
EndProject
Project("{8BC9CEB8-8B4A-11D0-8D11-00A0C91BC942}") = "4-14", "4-14\4-14.vcxproj", "{788FD019-03F1-446C-B5E4-80EE6AEF92A9}"
EndProject
Global
	GlobalSection(SolutionConfigurationPlatforms) = preSolution
		Debug|x64 = Debug|x64
		Debug|x86 = Debug|x86
		Release|x64 = Release|x64
		Release|x86 = Release|x86
	EndGlobalSection
	GlobalSection(ProjectConfigurationPlatforms) = postSolution
		{39014C7A-17AF-4827-8D9A-7EE77EDD510B}.Debug|x64.ActiveCfg = Debug|x64
		{39014C7A-17AF-4827-8D9A-7EE77EDD510B}.Debug|x64.Build.0 = Debug|x64
		{39014C7A-17AF-4827-8D9A-7EE77EDD510B}.Debug|x86.ActiveCfg = Debug|Win32
		{39014C7A-17AF-4827-8D9A-7EE77EDD510B}.Debug|x86.Build.0 = Debug|Win32
		{39014C7A-17AF-4827-8D9A-7EE77EDD510B}.Release|x64.ActiveCfg = Release|x64
		{39014C7A-17AF-4827-8D9A-7EE77EDD510B}.Release|x64.Build.0 = Release|x64
		{39014C7A-17AF-4827-8D9A-7EE77EDD510B}.Release|x86.ActiveCfg = Release|Win32
		{39014C7A-17AF-4827-8D9A-7EE77EDD510B}.Release|x86.Build.0 = Release|Win32
		{159A03F5-7818-41E6-A860-92C4918D4772}.Debug|x64.ActiveCfg = Debug|x64
		{159A03F5-7818-41E6-A860-92C4918D4772}.Debug|x64.Build.0 = Debug|x64
		{159A03F5-7818-41E6-A860-92C4918D4772}.Debug|x86.ActiveCfg = Debug|Win32
		{159A03F5-7818-41E6-A860-92C4918D4772}.Debug|x86.Build.0 = Debug|Win32
		{159A03F5-7818-41E6-A860-92C4918D4772}.Release|x64.ActiveCfg = Release|x64
		{159A03F5-7818-41E6-A860-92C4918D4772}.Release|x64.Build.0 = Release|x64
		{159A03F5-7818-41E6-A860-92C4918D4772}.Release|x86.ActiveCfg = Release|Win32
		{159A03F5-7818-41E6-A860-92C4918D4772}.Release|x86.Build.0 = Release|Win32
		{F6465CED-B40A-475D-83C3-E33A66028B8F}.Debug|x64.ActiveCfg = Debug|x64
		{F6465CED-B40A-475D-83C3-E33A66028B8F}.Debug|x64.Build.0 = Debug|x64
		{F6465CED-B40A-475D-83C3-E33A66028B8F}.Debug|x86.ActiveCfg = Debug|Win32
		{F6465CED-B40A-475D-83C3-E33A66028B8F}.Debug|x86.Build.0 = Debug|Win32
		{F6465CED-B40A-475D-83C3-E33A66028B8F}.Release|x64.ActiveCfg = Release|x64
		{F6465CED-B40A-475D-83C3-E33A66028B8F}.Release|x64.Build.0 = Release|x64
		{F6465CED-B40A-475D-83C3-E33A66028B8F}.Release|x86.ActiveCfg = Release|Win32
		{F6465CED-B40A-475D-83C3-E33A66028B8F}.Release|x86.Build.0 = Release|Win32
		{4FE8BA90-A67D-45F4-B304-DFA98F84F5A0}.Debug|x64.ActiveCfg = Debug|x64
		{4FE8BA90-A67D-45F4-B304-DFA98F84F5A0}.Debug|x64.Build.0 = Debug|x64
		{4FE8BA90-A67D-45F4-B304-DFA98F84F5A0}.Debug|x86.ActiveCfg = Debug|Win32
		{4FE8BA90-A67D-45F4-B304-DFA98F84F5A0}.Debug|x86.Build.0 = Debug|Win32
		{4FE8BA90-A67D-45F4-B304-DFA98F84F5A0}.Release|x64.ActiveCfg = Release|x64
		{4FE8BA90-A67D-45F4-B304-DFA98F84F5A0}.Release|x64.Build.0 = Release|x64
		{4FE8BA90-A67D-45F4-B304-DFA98F84F5A0}.Release|x86.ActiveCfg = Release|Win32
		{4FE8BA90-A67D-45F4-B304-DFA98F84F5A0}.Release|x86.Build.0 = Release|Win32
		{99833E24-607B-4207-BC3E-054E661CAFC7}.Debug|x64.ActiveCfg = Debug|x64
		{99833E24-607B-4207-BC3E-054E661CAFC7}.Debug|x64.Build.0 = Debug|x64
		{99833E24-607B-4207-BC3E-054E661CAFC7}.Debug|x86.ActiveCfg = Debug|Win32
		{99833E24-607B-4207-BC3E-054E661CAFC7}.Debug|x86.Build.0 = Debug|Win32
		{99833E24-607B-4207-BC3E-054E661CAFC7}.Release|x64.ActiveCfg = Release|x64
		{99833E24-607B-4207-BC3E-054E661CAFC7}.Release|x64.Build.0 = Release|x64
		{99833E24-607B-4207-BC3E-054E661CAFC7}.Release|x86.ActiveCfg = Release|Win32
		{99833E24-607B-4207-BC3E-054E661CAFC7}.Release|x86.Build.0 = Release|Win32
		{0B454807-3324-4510-B70E-AEB955C6F1B8}.Debug|x64.ActiveCfg = Debug|x64
		{0B454807-3324-4510-B70E-AEB955C6F1B8}.Debug|x64.Build.0 = Debug|x64
		{0B454807-3324-4510-B70E-AEB955C6F1B8}.Debug|x86.ActiveCfg = Debug|Win32
		{0B454807-3324-4510-B70E-AEB955C6F1B8}.Debug|x86.Build.0 = Debug|Win32
		{0B454807-3324-4510-B70E-AEB955C6F1B8}.Release|x64.ActiveCfg = Release|x64
		{0B454807-3324-4510-B70E-AEB955C6F1B8}.Release|x64.Build.0 = Release|x64
		{0B454807-3324-4510-B70E-AEB955C6F1B8}.Release|x86.ActiveCfg = Release|Win32
		{0B454807-3324-4510-B70E-AEB955C6F1B8}.Release|x86.Build.0 = Release|Win32
		{CFA5FE8A-F773-4A68-B3AB-0DCF108619E0}.Debug|x64.ActiveCfg = Debug|x64
		{CFA5FE8A-F773-4A68-B3AB-0DCF108619E0}.Debug|x64.Build.0 = Debug|x64
		{CFA5FE8A-F773-4A68-B3AB-0DCF108619E0}.Debug|x86.ActiveCfg = Debug|Win32
		{CFA5FE8A-F773-4A68-B3AB-0DCF108619E0}.Debug|x86.Build.0 = Debug|Win32
		{CFA5FE8A-F773-4A68-B3AB-0DCF108619E0}.Release|x64.ActiveCfg = Release|x64
		{CFA5FE8A-F773-4A68-B3AB-0DCF108619E0}.Release|x64.Build.0 = Release|x64
		{CFA5FE8A-F773-4A68-B3AB-0DCF108619E0}.Release|x86.ActiveCfg = Release|Win32
		{CFA5FE8A-F773-4A68-B3AB-0DCF108619E0}.Release|x86.Build.0 = Release|Win32
		{AA18C423-B060-4B5D-BD02-CE0316B7D2A3}.Debug|x64.ActiveCfg = Debug|x64
		{AA18C423-B060-4B5D-BD02-CE0316B7D2A3}.Debug|x64.Build.0 = Debug|x64
		{AA18C423-B060-4B5D-BD02-CE0316B7D2A3}.Debug|x86.ActiveCfg = Debug|Win32
		{AA18C423-B060-4B5D-BD02-CE0316B7D2A3}.Debug|x86.Build.0 = Debug|Win32
		{AA18C423-B060-4B5D-BD02-CE0316B7D2A3}.Release|x64.ActiveCfg = Release|x64
		{AA18C423-B060-4B5D-BD02-CE0316B7D2A3}.Release|x64.Build.0 = Release|x64
		{AA18C423-B060-4B5D-BD02-CE0316B7D2A3}.Release|x86.ActiveCfg = Release|Win32
		{AA18C423-B060-4B5D-BD02-CE0316B7D2A3}.Release|x86.Build.0 = Release|Win32
		{08472719-510A-427A-847E-739A1173A301}.Debug|x64.ActiveCfg = Debug|x64
		{08472719-510A-427A-847E-739A1173A301}.Debug|x64.Build.0 = Debug|x64
		{08472719-510A-427A-847E-739A1173A301}.Debug|x86.ActiveCfg = Debug|Win32
		{08472719-510A-427A-847E-739A1173A301}.Debug|x86.Build.0 = Debug|Win32
		{08472719-510A-427A-847E-739A1173A301}.Release|x64.ActiveCfg = Release|x64
		{08472719-510A-427A-847E-739A1173A301}.Release|x64.Build.0 = Release|x64
		{08472719-510A-427A-847E-739A1173A301}.Release|x86.ActiveCfg = Release|Win32
		{08472719-510A-427A-847E-739A1173A301}.Release|x86.Build.0 = Release|Win32
		{04A38912-8765-4265-84FE-9B58188E799F}.Debug|x64.ActiveCfg = Debug|x64
		{04A38912-8765-4265-84FE-9B58188E799F}.Debug|x64.Build.0 = Debug|x64
		{04A38912-8765-4265-84FE-9B58188E799F}.Debug|x86.ActiveCfg = Debug|Win32
		{04A38912-8765-4265-84FE-9B58188E799F}.Debug|x86.Build.0 = Debug|Win32
		{04A38912-8765-4265-84FE-9B58188E799F}.Release|x64.ActiveCfg = Release|x64
		{04A38912-8765-4265-84FE-9B58188E799F}.Release|x64.Build.0 = Release|x64
		{04A38912-8765-4265-84FE-9B58188E799F}.Release|x86.ActiveCfg = Release|Win32
		{04A38912-8765-4265-84FE-9B58188E799F}.Release|x86.Build.0 = Release|Win32
		{6ED321A1-F944-4889-B82B-F092B2F60771}.Debug|x64.ActiveCfg = Debug|x64
		{6ED321A1-F944-4889-B82B-F092B2F60771}.Debug|x64.Build.0 = Debug|x64
		{6ED321A1-F944-4889-B82B-F092B2F60771}.Debug|x86.ActiveCfg = Debug|Win32
		{6ED321A1-F944-4889-B82B-F092B2F60771}.Debug|x86.Build.0 = Debug|Win32
		{6ED321A1-F944-4889-B82B-F092B2F60771}.Release|x64.ActiveCfg = Release|x64
		{6ED321A1-F944-4889-B82B-F092B2F60771}.Release|x64.Build.0 = Release|x64
		{6ED321A1-F944-4889-B82B-F092B2F60771}.Release|x86.ActiveCfg = Release|Win32
		{6ED321A1-F944-4889-B82B-F092B2F60771}.Release|x86.Build.0 = Release|Win32
		{39BB580E-AFEE-4D01-8773-5BA5FB1CA009}.Debug|x64.ActiveCfg = Debug|x64
		{39BB580E-AFEE-4D01-8773-5BA5FB1CA009}.Debug|x64.Build.0 = Debug|x64
		{39BB580E-AFEE-4D01-8773-5BA5FB1CA009}.Debug|x86.ActiveCfg = Debug|Win32
		{39BB580E-AFEE-4D01-8773-5BA5FB1CA009}.Debug|x86.Build.0 = Debug|Win32
		{39BB580E-AFEE-4D01-8773-5BA5FB1CA009}.Release|x64.ActiveCfg = Release|x64
		{39BB580E-AFEE-4D01-8773-5BA5FB1CA009}.Release|x64.Build.0 = Release|x64
		{39BB580E-AFEE-4D01-8773-5BA5FB1CA009}.Release|x86.ActiveCfg = Release|Win32
		{39BB580E-AFEE-4D01-8773-5BA5FB1CA009}.Release|x86.Build.0 = Release|Win32
		{1FF88B9E-6EA7-4641-97CA-1FE4F94A0DDE}.Debug|x64.ActiveCfg = Debug|x64
		{1FF88B9E-6EA7-4641-97CA-1FE4F94A0DDE}.Debug|x64.Build.0 = Debug|x64
		{1FF88B9E-6EA7-4641-97CA-1FE4F94A0DDE}.Debug|x86.ActiveCfg = Debug|Win32
		{1FF88B9E-6EA7-4641-97CA-1FE4F94A0DDE}.Debug|x86.Build.0 = Debug|Win32
		{1FF88B9E-6EA7-4641-97CA-1FE4F94A0DDE}.Release|x64.ActiveCfg = Release|x64
		{1FF88B9E-6EA7-4641-97CA-1FE4F94A0DDE}.Release|x64.Build.0 = Release|x64
		{1FF88B9E-6EA7-4641-97CA-1FE4F94A0DDE}.Release|x86.ActiveCfg = Release|Win32
		{1FF88B9E-6EA7-4641-97CA-1FE4F94A0DDE}.Release|x86.Build.0 = Release|Win32
		{BECFFEB2-5125-4EE0-9589-A0742AB94C2F}.Debug|x64.ActiveCfg = Debug|x64
		{BECFFEB2-5125-4EE0-9589-A0742AB94C2F}.Debug|x64.Build.0 = Debug|x64
		{BECFFEB2-5125-4EE0-9589-A0742AB94C2F}.Debug|x86.ActiveCfg = Debug|Win32
		{BECFFEB2-5125-4EE0-9589-A0742AB94C2F}.Debug|x86.Build.0 = Debug|Win32
		{BECFFEB2-5125-4EE0-9589-A0742AB94C2F}.Release|x64.ActiveCfg = Release|x64
		{BECFFEB2-5125-4EE0-9589-A0742AB94C2F}.Release|x64.Build.0 = Release|x64
		{BECFFEB2-5125-4EE0-9589-A0742AB94C2F}.Release|x86.ActiveCfg = Release|Win32
		{BECFFEB2-5125-4EE0-9589-A0742AB94C2F}.Release|x86.Build.0 = Release|Win32
		{788FD019-03F1-446C-B5E4-80EE6AEF92A9}.Debug|x64.ActiveCfg = Debug|x64
		{788FD019-03F1-446C-B5E4-80EE6AEF92A9}.Debug|x64.Build.0 = Debug|x64
		{788FD019-03F1-446C-B5E4-80EE6AEF92A9}.Debug|x86.ActiveCfg = Debug|Win32
		{788FD019-03F1-446C-B5E4-80EE6AEF92A9}.Debug|x86.Build.0 = Debug|Win32
		{788FD019-03F1-446C-B5E4-80EE6AEF92A9}.Release|x64.ActiveCfg = Release|x64
		{788FD019-03F1-446C-B5E4-80EE6AEF92A9}.Release|x64.Build.0 = Release|x64
		{788FD019-03F1-446C-B5E4-80EE6AEF92A9}.Release|x86.ActiveCfg = Release|Win32
		{788FD019-03F1-446C-B5E4-80EE6AEF92A9}.Release|x86.Build.0 = Release|Win32
	EndGlobalSection
	GlobalSection(SolutionProperties) = preSolution
		HideSolutionNode = FALSE
	EndGlobalSection
	GlobalSection(ExtensibilityGlobals) = postSolution
		SolutionGuid = {DAFAC8E2-A8BB-40DF-B52F-9CC95C501E05}
	EndGlobalSection
EndGlobal
